// !$*UTF8*$!
{
	archiveVersion = 1;
	classes = {
	};
	objectVersion = 50;
	objects = {

/* Begin PBXBuildFile section */
		50BEB5C8235DEBDE00A98A3A /* AppDelegate.swift in Sources */ = {isa = PBXBuildFile; fileRef = 50BEB5C7235DEBDE00A98A3A /* AppDelegate.swift */; };
		50BEB5CA235DEBDE00A98A3A /* ViewController.swift in Sources */ = {isa = PBXBuildFile; fileRef = 50BEB5C9235DEBDE00A98A3A /* ViewController.swift */; };
		50BEB5CD235DEBDE00A98A3A /* Main.storyboard in Resources */ = {isa = PBXBuildFile; fileRef = 50BEB5CB235DEBDE00A98A3A /* Main.storyboard */; };
		50BEB5CF235DEBDF00A98A3A /* Assets.xcassets in Resources */ = {isa = PBXBuildFile; fileRef = 50BEB5CE235DEBDF00A98A3A /* Assets.xcassets */; };
		50BEB5D2235DEBDF00A98A3A /* LaunchScreen.storyboard in Resources */ = {isa = PBXBuildFile; fileRef = 50BEB5D0235DEBDF00A98A3A /* LaunchScreen.storyboard */; };
/* End PBXBuildFile section */

/* Begin PBXFileReference section */
		50BEB5C4235DEBDE00A98A3A /* MatchTwo.app */ = {isa = PBXFileReference; explicitFileType = wrapper.application; includeInIndex = 0; path = MatchTwo.app; sourceTree = BUILT_PRODUCTS_DIR; };
		50BEB5C7235DEBDE00A98A3A /* AppDelegate.swift */ = {isa = PBXFileReference; lastKnownFileType = sourcecode.swift; path = AppDelegate.swift; sourceTree = "<group>"; };
		50BEB5C9235DEBDE00A98A3A /* ViewController.swift */ = {isa = PBXFileReference; lastKnownFileType = sourcecode.swift; path = ViewController.swift; sourceTree = "<group>"; };
		50BEB5CC235DEBDE00A98A3A /* Base */ = {isa = PBXFileReference; lastKnownFileType = file.storyboard; name = Base; path = Base.lproj/Main.storyboard; sourceTree = "<group>"; };
		50BEB5CE235DEBDF00A98A3A /* Assets.xcassets */ = {isa = PBXFileReference; lastKnownFileType = folder.assetcatalog; path = Assets.xcassets; sourceTree = "<group>"; };
		50BEB5D1235DEBDF00A98A3A /* Base */ = {isa = PBXFileReference; lastKnownFileType = file.storyboard; name = Base; path = Base.lproj/LaunchScreen.storyboard; sourceTree = "<group>"; };
		50BEB5D3235DEBDF00A98A3A /* Info.plist */ = {isa = PBXFileReference; lastKnownFileType = text.plist.xml; path = Info.plist; sourceTree = "<group>"; };
/* End PBXFileReference section */

/* Begin PBXFrameworksBuildPhase section */
		50BEB5C1235DEBDE00A98A3A /* Frameworks */ = {
			isa = PBXFrameworksBuildPhase;
			buildActionMask = 2147483647;
			files = (
			);
			runOnlyForDeploymentPostprocessing = 0;
		};
/* End PBXFrameworksBuildPhase section */

/* Begin PBXGroup section */
		50BEB5BB235DEBDE00A98A3A = {
			isa = PBXGroup;
			children = (
				50BEB5C6235DEBDE00A98A3A /* MatchTwo */,
				50BEB5C5235DEBDE00A98A3A /* Products */,
			);
			sourceTree = "<group>";
		};
		50BEB5C5235DEBDE00A98A3A /* Products */ = {
			isa = PBXGroup;
			children = (
				50BEB5C4235DEBDE00A98A3A /* MatchTwo.app */,
			);
			name = Products;
			sourceTree = "<group>";
		};
		50BEB5C6235DEBDE00A98A3A /* MatchTwo */ = {
			isa = PBXGroup;
			children = (
				50BEB5D9235DF47F00A98A3A /* Supporting files */,
				50BEB5C9235DEBDE00A98A3A /* ViewController.swift */,
				50BEB5CB235DEBDE00A98A3A /* Main.storyboard */,
				50BEB5D3235DEBDF00A98A3A /* Info.plist */,
			);
			path = MatchTwo;
			sourceTree = "<group>";
		};
		50BEB5D9235DF47F00A98A3A /* Supporting files */ = {
			isa = PBXGroup;
			children = (
				50BEB5C7235DEBDE00A98A3A /* AppDelegate.swift */,
				50BEB5CE235DEBDF00A98A3A /* Assets.xcassets */,
				50BEB5D0235DEBDF00A98A3A /* LaunchScreen.storyboard */,
			);
			path = "Supporting files";
			sourceTree = "<group>";
		};
/* End PBXGroup section */

/* Begin PBXNativeTarget section */
		50BEB5C3235DEBDE00A98A3A /* MatchTwo */ = {
			isa = PBXNativeTarget;
			buildConfigurationList = 50BEB5D6235DEBDF00A98A3A /* Build configuration list for PBXNativeTarget "MatchTwo" */;
			buildPhases = (
				50BEB5C0235DEBDE00A98A3A /* Sources */,
				50BEB5C1235DEBDE00A98A3A /* Frameworks */,
				50BEB5C2235DEBDE00A98A3A /* Resources */,
			);
			buildRules = (
			);
			dependencies = (
			);
			name = MatchTwo;
			productName = MatchTwo;
			productReference = 50BEB5C4235DEBDE00A98A3A /* MatchTwo.app */;
			productType = "com.apple.product-type.application";
		};
/* End PBXNativeTarget section */

/* Begin PBXProject section */
		50BEB5BC235DEBDE00A98A3A /* Project object */ = {
			isa = PBXProject;
			attributes = {
				LastSwiftUpdateCheck = 1020;
				LastUpgradeCheck = 1020;
				TargetAttributes = {
					50BEB5C3235DEBDE00A98A3A = {
						CreatedOnToolsVersion = 10.2.1;
					};
				};
			};
			buildConfigurationList = 50BEB5BF235DEBDE00A98A3A /* Build configuration list for PBXProject "MatchTwo" */;
			compatibilityVersion = "Xcode 9.3";
			developmentRegion = en;
			hasScannedForEncodings = 0;
			knownRegions = (
				en,
				Base,
			);
			mainGroup = 50BEB5BB235DEBDE00A98A3A;
			productRefGroup = 50BEB5C5235DEBDE00A98A3A /* Products */;
			projectDirPath = "";
			projectRoot = "";
			targets = (
				50BEB5C3235DEBDE00A98A3A /* MatchTwo */,
			);
		};
/* End PBXProject section */

/* Begin PBXResourcesBuildPhase section */
		50BEB5C2235DEBDE00A98A3A /* Resources */ = {
			isa = PBXResourcesBuildPhase;
			buildActionMask = 2147483647;
			files = (
				50BEB5D2235DEBDF00A98A3A /* LaunchScreen.storyboard in Resources */,
				50BEB5CF235DEBDF00A98A3A /* Assets.xcassets in Resources */,
				50BEB5CD235DEBDE00A98A3A /* Main.storyboard in Resources */,
			);
			runOnlyForDeploymentPostprocessing = 0;
		};
/* End PBXResourcesBuildPhase section */

/* Begin PBXSourcesBuildPhase section */
		50BEB5C0235DEBDE00A98A3A /* Sources */ = {
			isa = PBXSourcesBuildPhase;
			buildActionMask = 2147483647;
			files = (
				50BEB5CA235DEBDE00A98A3A /* ViewController.swift in Sources */,
				50BEB5C8235DEBDE00A98A3A /* AppDelegate.swift in Sources */,
			);
			runOnlyForDeploymentPostprocessing = 0;
		};
/* End PBXSourcesBuildPhase section */

/* Begin PBXVariantGroup section */
		50BEB5CB235DEBDE00A98A3A /* Main.storyboard */ = {
			isa = PBXVariantGroup;
			children = (
				50BEB5CC235DEBDE00A98A3A /* Base */,
			);
			name = Main.storyboard;
			sourceTree = "<group>";
		};
		50BEB5D0235DEBDF00A98A3A /* LaunchScreen.storyboard */ = {
			isa = PBXVariantGroup;
			children = (
				50BEB5D1235DEBDF00A98A3A /* Base */,
			);
			name = LaunchScreen.storyboard;
			sourceTree = "<group>";
		};
/* End PBXVariantGroup section */

/* Begin XCBuildConfiguration section */
		50BEB5D4235DEBDF00A98A3A /* Debug */ = {
			isa = XCBuildConfiguration;
			buildSettings = {
				ALWAYS_SEARCH_USER_PATHS = NO;
				CLANG_ANALYZER_NONNULL = YES;
				CLANG_ANALYZER_NUMBER_OBJECT_CONVERSION = YES_AGGRESSIVE;
				CLANG_CXX_LANGUAGE_STANDARD = "gnu++14";
				CLANG_CXX_LIBRARY = "libc++";
				CLANG_ENABLE_MODULES = YES;
				CLANG_ENABLE_OBJC_ARC = YES;
				CLANG_ENABLE_OBJC_WEAK = YES;
				CLANG_WARN_BLOCK_CAPTURE_AUTORELEASING = YES;
				CLANG_WARN_BOOL_CONVERSION = YES;
				CLANG_WARN_COMMA = YES;
				CLANG_WARN_CONSTANT_CONVERSION = YES;
				CLANG_WARN_DEPRECATED_OBJC_IMPLEMENTATIONS = YES;
				CLANG_WARN_DIRECT_OBJC_ISA_USAGE = YES_ERROR;
				CLANG_WARN_DOCUMENTATION_COMMENTS = YES;
				CLANG_WARN_EMPTY_BODY = YES;
				CLANG_WARN_ENUM_CONVERSION = YES;
				CLANG_WARN_INFINITE_RECURSION = YES;
				CLANG_WARN_INT_CONVERSION = YES;
				CLANG_WARN_NON_LITERAL_NULL_CONVERSION = YES;
				CLANG_WARN_OBJC_IMPLICIT_RETAIN_SELF = YES;
				CLANG_WARN_OBJC_LITERAL_CONVERSION = YES;
				CLANG_WARN_OBJC_ROOT_CLASS = YES_ERROR;
				CLANG_WARN_RANGE_LOOP_ANALYSIS = YES;
				CLANG_WARN_STRICT_PROTOTYPES = YES;
				CLANG_WARN_SUSPICIOUS_MOVE = YES;
				CLANG_WARN_UNGUARDED_AVAILABILITY = YES_AGGRESSIVE;
				CLANG_WARN_UNREACHABLE_CODE = YES;
				CLANG_WARN__DUPLICATE_METHOD_MATCH = YES;
				CODE_SIGN_IDENTITY = "iPhone Developer";
				COPY_PHASE_STRIP = NO;
				DEBUG_INFORMATION_FORMAT = dwarf;
				ENABLE_STRICT_OBJC_MSGSEND = YES;
				ENABLE_TESTABILITY = YES;
				GCC_C_LANGUAGE_STANDARD = gnu11;
				GCC_DYNAMIC_NO_PIC = NO;
				GCC_NO_COMMON_BLOCKS = YES;
				GCC_OPTIMIZATION_LEVEL = 0;
				GCC_PREPROCESSOR_DEFINITIONS = (
					"DEBUG=1",
					"$(inherited)",
				);
				GCC_WARN_64_TO_32_BIT_CONVERSION = YES;
				GCC_WARN_ABOUT_RETURN_TYPE = YES_ERROR;
				GCC_WARN_UNDECLARED_SELECTOR = YES;
				GCC_WARN_UNINITIALIZED_AUTOS = YES_AGGRESSIVE;
				GCC_WARN_UNUSED_FUNCTION = YES;
				GCC_WARN_UNUSED_VARIABLE = YES;
				IPHONEOS_DEPLOYMENT_TARGET = 12.2;
				MTL_ENABLE_DEBUG_INFO = INCLUDE_SOURCE;
				MTL_FAST_MATH = YES;
				ONLY_ACTIVE_ARCH = YES;
				SDKROOT = iphoneos;
				SWIFT_ACTIVE_COMPILATION_CONDITIONS = DEBUG;
				SWIFT_OPTIMIZATION_LEVEL = "-Onone";
			};
			name = Debug;
		};
		50BEB5D5235DEBDF00A98A3A /* Release */ = {
			isa = XCBuildConfiguration;
			buildSettings = {
				ALWAYS_SEARCH_USER_PATHS = NO;
				CLANG_ANALYZER_NONNULL = YES;
				CLANG_ANALYZER_NUMBER_OBJECT_CONVERSION = YES_AGGRESSIVE;
				CLANG_CXX_LANGUAGE_STANDARD = "gnu++14";
				CLANG_CXX_LIBRARY = "libc++";
				CLANG_ENABLE_MODULES = YES;
				CLANG_ENABLE_OBJC_ARC = YES;
				CLANG_ENABLE_OBJC_WEAK = YES;
				CLANG_WARN_BLOCK_CAPTURE_AUTORELEASING = YES;
				CLANG_WARN_BOOL_CONVERSION = YES;
				CLANG_WARN_COMMA = YES;
				CLANG_WARN_CONSTANT_CONVERSION = YES;
				CLANG_WARN_DEPRECATED_OBJC_IMPLEMENTATIONS = YES;
				CLANG_WARN_DIRECT_OBJC_ISA_USAGE = YES_ERROR;
				CLANG_WARN_DOCUMENTATION_COMMENTS = YES;
				CLANG_WARN_EMPTY_BODY = YES;
				CLANG_WARN_ENUM_CONVERSION = YES;
				CLANG_WARN_INFINITE_RECURSION = YES;
				CLANG_WARN_INT_CONVERSION = YES;
				CLANG_WARN_NON_LITERAL_NULL_CONVERSION = YES;
				CLANG_WARN_OBJC_IMPLICIT_RETAIN_SELF = YES;
				CLANG_WARN_OBJC_LITERAL_CONVERSION = YES;
				CLANG_WARN_OBJC_ROOT_CLASS = YES_ERROR;
				CLANG_WARN_RANGE_LOOP_ANALYSIS = YES;
				CLANG_WARN_STRICT_PROTOTYPES = YES;
				CLANG_WARN_SUSPICIOUS_MOVE = YES;
				CLANG_WARN_UNGUARDED_AVAILABILITY = YES_AGGRESSIVE;
				CLANG_WARN_UNREACHABLE_CODE = YES;
				CLANG_WARN__DUPLICATE_METHOD_MATCH = YES;
				CODE_SIGN_IDENTITY = "iPhone Developer";
				COPY_PHASE_STRIP = NO;
				DEBUG_INFORMATION_FORMAT = "dwarf-with-dsym";
				ENABLE_NS_ASSERTIONS = NO;
				ENABLE_STRICT_OBJC_MSGSEND = YES;
				GCC_C_LANGUAGE_STANDARD = gnu11;
				GCC_NO_COMMON_BLOCKS = YES;
				GCC_WARN_64_TO_32_BIT_CONVERSION = YES;
				GCC_WARN_ABOUT_RETURN_TYPE = YES_ERROR;
				GCC_WARN_UNDECLARED_SELECTOR = YES;
				GCC_WARN_UNINITIALIZED_AUTOS = YES_AGGRESSIVE;
				GCC_WARN_UNUSED_FUNCTION = YES;
				GCC_WARN_UNUSED_VARIABLE = YES;
				IPHONEOS_DEPLOYMENT_TARGET = 12.2;
				MTL_ENABLE_DEBUG_INFO = NO;
				MTL_FAST_MATH = YES;
				SDKROOT = iphoneos;
				SWIFT_COMPILATION_MODE = wholemodule;
				SWIFT_OPTIMIZATION_LEVEL = "-O";
				VALIDATE_PRODUCT = YES;
			};
			name = Release;
		};
		50BEB5D7235DEBDF00A98A3A /* Debug */ = {
			isa = XCBuildConfiguration;
			buildSettings = {
				ASSETCATALOG_COMPILER_APPICON_NAME = AppIcon;
				CODE_SIGN_STYLE = Automatic;
				DEVELOPMENT_TEAM = Z7KA64TA2D;
				INFOPLIST_FILE = MatchTwo/Info.plist;
				LD_RUNPATH_SEARCH_PATHS = (
					"$(inherited)",
					"@executable_path/Frameworks",
				);
				PRODUCT_BUNDLE_IDENTIFIER = com.chlkv.MatchTwo;
				PRODUCT_NAME = "$(TARGET_NAME)";
				SWIFT_VERSION = 5.0;
				TARGETED_DEVICE_FAMILY = "1,2";
			};
			name = Debug;
		};
		50BEB5D8235DEBDF00A98A3A /* Release */ = {
			isa = XCBuildConfiguration;
			buildSettings = {
				ASSETCATALOG_COMPILER_APPICON_NAME = AppIcon;
				CODE_SIGN_STYLE = Automatic;
				DEVELOPMENT_TEAM = Z7KA64TA2D;
				INFOPLIST_FILE = MatchTwo/Info.plist;
				LD_RUNPATH_SEARCH_PATHS = (
					"$(inherited)",
					"@executable_path/Frameworks",
				);
				PRODUCT_BUNDLE_IDENTIFIER = com.chlkv.MatchTwo;
				PRODUCT_NAME = "$(TARGET_NAME)";
				SWIFT_VERSION = 5.0;
				TARGETED_DEVICE_FAMILY = "1,2";
			};
			name = Release;
		};
/* End XCBuildConfiguration section */

/* Begin XCConfigurationList section */
		50BEB5BF235DEBDE00A98A3A /* Build configuration list for PBXProject "MatchTwo" */ = {
			isa = XCConfigurationList;
			buildConfigurations = (
				50BEB5D4235DEBDF00A98A3A /* Debug */,
				50BEB5D5235DEBDF00A98A3A /* Release */,
			);
			defaultConfigurationIsVisible = 0;
			defaultConfigurationName = Release;
		};
		50BEB5D6235DEBDF00A98A3A /* Build configuration list for PBXNativeTarget "MatchTwo" */ = {
			isa = XCConfigurationList;
			buildConfigurations = (
				50BEB5D7235DEBDF00A98A3A /* Debug */,
				50BEB5D8235DEBDF00A98A3A /* Release */,
			);
			defaultConfigurationIsVisible = 0;
			defaultConfigurationName = Release;
		};
/* End XCConfigurationList section */
	};
	rootObject = 50BEB5BC235DEBDE00A98A3A /* Project object */;
}
